
Microsoft Visual Studio Solution File, Format Version 12.00
# Visual Studio Version 16
VisualStudioVersion = 16.0.34931.43
MinimumVisualStudioVersion = 10.0.40219.1
Project("{FAE04EC0-301F-11D3-BF4B-00C04F79EFBC}") = "as1-4", "as1-4\as1-4.csproj", "{C00EB383-B70F-4E93-A36F-6561734F0DC3}"
EndProject
Global
	GlobalSection(SolutionConfigurationPlatforms) = preSolution
		Debug|Any CPU = Debug|Any CPU
		Release|Any CPU = Release|Any CPU
	EndGlobalSection
	GlobalSection(ProjectConfigurationPlatforms) = postSolution
		{C00EB383-B70F-4E93-A36F-6561734F0DC3}.Debug|Any CPU.ActiveCfg = Debug|Any CPU
		{C00EB383-B70F-4E93-A36F-6561734F0DC3}.Debug|Any CPU.Build.0 = Debug|Any CPU
		{C00EB383-B70F-4E93-A36F-6561734F0DC3}.Release|Any CPU.ActiveCfg = Release|Any CPU
		{C00EB383-B70F-4E93-A36F-6561734F0DC3}.Release|Any CPU.Build.0 = Release|Any CPU
	EndGlobalSection
	GlobalSection(SolutionProperties) = preSolution
		HideSolutionNode = FALSE
	EndGlobalSection
	GlobalSection(ExtensibilityGlobals) = postSolution
		SolutionGuid = {B8DE1617-4538-4581-B43B-360078EE7D52}
	EndGlobalSection
EndGlobal
